
Microsoft Visual Studio Solution File, Format Version 12.00
# Visual Studio 15
VisualStudioVersion = 15.0.28307.329
MinimumVisualStudioVersion = 10.0.40219.1
Project("{FAE04EC0-301F-11D3-BF4B-00C04F79EFBC}") = "ProcessA", "ProcessA\ProcessA.csproj", "{2FA998A0-5CB9-44D5-A456-0A998DD80B59}"
EndProject
Global
	GlobalSection(SolutionConfigurationPlatforms) = preSolution
		Debug|Any CPU = Debug|Any CPU
		Release|Any CPU = Release|Any CPU
	EndGlobalSection
	GlobalSection(ProjectConfigurationPlatforms) = postSolution
		{2FA998A0-5CB9-44D5-A456-0A998DD80B59}.Debug|Any CPU.ActiveCfg = Debug|Any CPU
		{2FA998A0-5CB9-44D5-A456-0A998DD80B59}.Debug|Any CPU.Build.0 = Debug|Any CPU
		{2FA998A0-5CB9-44D5-A456-0A998DD80B59}.Release|Any CPU.ActiveCfg = Release|Any CPU
		{2FA998A0-5CB9-44D5-A456-0A998DD80B59}.Release|Any CPU.Build.0 = Release|Any CPU
	EndGlobalSection
	GlobalSection(SolutionProperties) = preSolution
		HideSolutionNode = FALSE
	EndGlobalSection
	GlobalSection(ExtensibilityGlobals) = postSolution
		SolutionGuid = {7E3D8A70-1A58-4712-BBE2-C39A94C20B37}
	EndGlobalSection
EndGlobal
